
Microsoft Visual Studio Solution File, Format Version 12.00
# Visual Studio Version 16
VisualStudioVersion = 16.0.29920.165
MinimumVisualStudioVersion = 10.0.40219.1
Project("{FAE04EC0-301F-11D3-BF4B-00C04F79EFBC}") = "OnlineStore", "OnlineStore\OnlineStore.csproj", "{4B5FCF64-011F-4104-8AD0-8A5F52F1F104}"
EndProject
Global
	GlobalSection(SolutionConfigurationPlatforms) = preSolution
		Debug|Any CPU = Debug|Any CPU
		Release|Any CPU = Release|Any CPU
	EndGlobalSection
	GlobalSection(ProjectConfigurationPlatforms) = postSolution
		{4B5FCF64-011F-4104-8AD0-8A5F52F1F104}.Debug|Any CPU.ActiveCfg = Debug|Any CPU
		{4B5FCF64-011F-4104-8AD0-8A5F52F1F104}.Debug|Any CPU.Build.0 = Debug|Any CPU
		{4B5FCF64-011F-4104-8AD0-8A5F52F1F104}.Release|Any CPU.ActiveCfg = Release|Any CPU
		{4B5FCF64-011F-4104-8AD0-8A5F52F1F104}.Release|Any CPU.Build.0 = Release|Any CPU
	EndGlobalSection
	GlobalSection(SolutionProperties) = preSolution
		HideSolutionNode = FALSE
	EndGlobalSection
	GlobalSection(ExtensibilityGlobals) = postSolution
		SolutionGuid = {7F0F7C72-A671-4199-90FE-FA4AEFD33F92}
	EndGlobalSection
EndGlobal
